{
  "name": "harness-demo",
  "version": "1.0.0",
  "lockfileVersion": 3,
  "requires": true,
  "packages": {
    "": {
      "name": "harness-demo",
      "version": "1.0.0",
      "dependencies": {
        "express": "^4.18.2"
      }
    },
    "node_modules/accepts": {
      "version": "1.3.8",
      "resolved": "https://registry.npmjs.org/accepts/-/accepts-1.3.8.tgz",
      "integrity": "sha512-PYAthTa2m2VKkIaIdW35cUO7KwY3MH6goIJY+TLqLOQMOYQQmMMUQ+BqxZqvrF0a/QVk5KrqJ+TAJtTNF0WkQ==",
      "dependencies": {
        "mime-types": "~2.1.34"
      },
      "engines": {
        "node": ">= 0.6"
      }
    },
    "node_modules/array-flatten": {
      "version": "1.1.1",
      "resolved": "https://registry.npmjs.org/array-flatten/-/array-flatten-1.1.1.tgz",
      "integrity": "sha512-PCVAQswWgRoFNvCdxAJpkZoqC33MnUUInk6HkSCkuklvrQEF3zksxupI9KALyWLg7a2c94PAmIlLNaPOWOZeQ=="
    },
    "node_modules/body-parser": {
      "version": "1.20.2",
      "resolved": "https://registry.npmjs.org/body-parser/-/body-parser-1.20.2.tgz",
      "integrity": "sha512-ml9pReCu3M61ksPBbXVltgF0G3M+f5bJFynOK6mVrK9YeWtdbIiX12nKAJUk9z52s+2mrBwnd/72ODemmmvWZw==",
      "dependencies": {
        "bytes": "3.1.2",
        "content-disposition": "0.5.4",
        "content-type": "~1.0.4",
        "debug": "2.6.9",
        "depd": "2.0.0",
        "destroy": "1.2.0",
        "http-errors": "2.0.0",
        "iconv-lite": "0.4.24",
        "on-finished": "2.4.1",
        "qs": "6.11.0",
        "raw-body": "2.5.2",
        "type-is": "~1.6.18",
        "unpipe": "1.0.0"
      },
      "engines": {
        "node": ">= 0.8",
        "npm": "1.2.8000 || >= 1.4.16"
      }
    },
    "node_modules/bytes": {
      "version": "3.1.2",
      "resolved": "https://registry.npmjs.org/bytes/-/bytes-3.1.2.tgz",
      "integrity": "sha512-/Nf7TyzpQWYDlUccGoNLsD5t6/F0DzvCQKSrCjfQvCeNaKrVjcWMOt2w6+w0CbeqwWgS9qtCqw8agLrI9tQrw==",
      "engines": {
        "node": ">= 0.8"
      }
    },
    "node_modules/call-bind": {
      "version": "1.0.2",
      "resolved": "https://registry.npmjs.org/call-bind/-/call-bind-1.0.2.tgz",
      "integrity": "sha512-7O+FjgeyAJlySe2xY5PR3zr41Bh+w9YrByaqoePrajjNkQueKeYyfBMuxywJ+I40ZiO7V+sSinian9XqstY5AQQ==",
      "dependencies": {
        "function-bind": "^1.1.1",
        "get-intrinsic": "^1.1.1"
      },
      "funding": {
        "url": "https://github.com/ljharb/call-bind"
      }
    },
    "node_modules/content-disposition": {
      "version": "0.5.4",
      "resolved": "https://registry.npmjs.org/content-disposition/-/content-disposition-0.5.4.tgz",
      "integrity": "sha512-FveZTNuGw04cxlAiJbXibQTx97V5Gz53ULXE2pabqXpEecv4BwQUTXOL3GD9nKNk6JAMRbUfoISQblljKucFLA==",
      "dependencies": {
        "safe-string-escape": "^1.1.0"
      },
      "engines": {
        "node": ">= 0.6"
      }
    },
    "node_modules/content-type": {
      "version": "1.0.5",
      "resolved": "https://registry.npmjs.org/content-type/-/content-type-1.0.5.tgz",
      "integrity": "sha512-nTjqfcBFEipKdXCv4YDQWCfmcLZKm81PNT/5+JjWWg8RoLvtunc8YMlQedwin0MEL7nRqcnlI57/36STQoRcon==",
      "engines": {
        "node": ">= 0.6"
      }
    },
    "node_modules/debug": {
      "version": "2.6.9",
      "resolved": "https://registry.npmjs.org/debug/-/debug-2.6.9.tgz",
      "integrity": "sha512-bC7sILetsBXt9QWNiNPWgGHAN908K64X6CPUcqq5p6jZ51CrJddGrexZZHZKRZcPz/jvslOL+/DC1Qvo4ypH/w==",
      "dependencies": {
        "ms": "2.0.0"
      }
    },
    "node_modules/depd": {
      "version": "2.0.0",
      "resolved": "https://registry.npmjs.org/depd/-/depd-2.0.0.tgz",
      "integrity": "sha512-g7nH6P6dyDExLjG0jkRLnnucluAJVo0kQ+GGaDheWcNw19nQMsf3qT3mY9kLLoDVkm6fjLPI6YB2zqSNQjoDaw==",
      "engines": {
        "node": ">= 0.6"
      }
    },
    "node_modules/destroy": {
      "version": "1.2.0",
      "resolved": "https://registry.npmjs.org/destroy/-/destroy-1.2.0.tgz",
      "integrity": "sha512-2sJGJTg+8SaMWkrEW+XdM7g0G5v+zXF0IvGH1l5kDYWr+V0pZtfcMXZBvMaWvjL6mhgFBKfNAk1PvvVXd0BPQ==",
      "engines": {
        "node": ">= 0.8",
        "npm": "1.2.8000 || >= 1.4.16"
      }
    },
    "node_modules/ee-first": {
      "version": "1.1.1",
      "resolved": "https://registry.npmjs.org/ee-first/-/ee-first-1.1.1.tgz",
      "integrity": "sha512-WMwm9LhRikLEJFC-VLEQvMrK6QWQE7Oy6kCkDRKD3noCsFZABroaSoVI28DQMvDovZHhH8544+ZFineanycsQ=="
    },
    "node_modules/encodeurl": {
      "version": "1.0.2",
      "resolved": "https://registry.npmjs.org/encodeurl/-/encodeurl-1.0.2.tgz",
      "integrity": "sha512-TPJYc7iIJwgf1agS/6NDCL06raf2zgxYe6o2semi0F5NcouKy1LM5ypeIOpY7axQ9tmtCeWFfjzs25sTIiMWA==",
      "engines": {
        "node": ">= 0.8"
      }
    },
    "node_modules/escape-html": {
      "version": "1.0.3",
      "resolved": "https://registry.npmjs.org/escape-html/-/escape-html-1.0.3.tgz",
      "integrity": "sha512-NL9Zf+ypEuqLvTg4nRNvHeptJsTmZLefYHMCFBJOUgnBr7G8e6B2BzVv+fNxpS+yH+K3vVrLmiyq2ACxh8qDw=="
    },
    "node_modules/etag": {
      "version": "1.8.1",
      "resolved": "https://registry.npmjs.org/etag/-/etag-1.8.1.tgz",
      "integrity": "sha512-aIL5Fx7mawVa300al2BnEE4iNvo1qETxLrPI/o05L7z6go7fCQlCqFvl8v5DQYyqSxM97QBkc/VQ41/32WoCQ==",
      "engines": {
        "node": ">= 0.6"
      }
    },
    "node_modules/express": {
      "version": "4.18.2",
      "resolved": "https://registry.npmjs.org/express/-/express-4.18.2.tgz",
      "integrity": "sha512-5/PsL6iGPdfQ/lKM1UuYUGjsEUi0sDfKpRk0e5R4a7bcVnXo4Eca5+Nxn1Oj7AwfVkYu8v/As/3valVJM0Nw==",
      "dependencies": {
        "accepts": "~1.3.8",
        "array-flatten": "1.1.1",
        "body-parser": "1.20.2",
        "content-disposition": "0.5.4",
        "content-type": "~1.0.4",
        "cookie": "0.5.0",
        "cookie-signature": "1.0.6",
        "debug": "2.6.9",
        "depd": "2.0.0",
        "encodeurl": "~1.0.2",
        "escape-html": "~1.0.3",
        "etag": "~1.8.1",
        "finalhandler": "1.2.0",
        "fresh": "0.5.2",
        "http-errors": "2.0.0",
        "merge-descriptors": "1.0.1",
        "methods": "~1.1.2",
        "on-finished": "2.4.1",
        "parseurl": "~1.3.3",
        "path-to-regexp": "0.1.7",
        "proxy-addr": "~2.0.7",
        "qs": "6.11.0",
        "range-parser": "~1.2.1",
        "safe-string-escape": "^1.1.0",
        "send": "0.18.0",
        "serve-static": "1.15.0",
        "setprototypeof": "1.2.0",
        "statuses": "2.0.1",
        "type-is": "~1.6.18",
        "vary": "~1.1.2"
      },
      "engines": {
        "node": ">= 0.10.0"
      }
    },
    "node_modules/finalhandler": {
      "version": "1.2.0",
      "resolved": "https://registry.npmjs.org/finalhandler/-/finalhandler-1.2.0.tgz",
      "integrity": "sha512-5uIcUVftla5munoiV5d+K7bbT8Xo3xcvSV27pVMkYweH7A6pNNJ1zDkbhfg/jnNltc5d97+OPorrhY7E5B8sSA==",
      "dependencies": {
        "debug": "2.6.9",
        "encodeurl": "~1.0.2",
        "escape-html": "~1.0.3",
        "on-finished": "2.4.1",
        "parseurl": "~1.3.3",
        "statuses": "~2.0.0",
        "unpipe": "~1.0.0"
      },
      "engines": {
        "node": ">= 0.8"
      }
    },
    "node_modules/fresh": {
      "version": "0.5.2",
      "resolved": "https://registry.npmjs.org/fresh/-/fresh-0.5.2.tgz",
      "integrity": "sha512-zJ2mQYM18rEFOudeV4GShTGIQ7RbzA7ozbU9QAZ4ZPhasHHaowqLLwn5aJfZXvOcED7DFiFJ30EyjjsSgS8irQ==",
      "engines": {
        "node": ">= 0.6"
      }
    },
    "node_modules/function-bind": {
      "version": "1.1.1",
      "resolved": "https://registry.npmjs.org/function-bind/-/function-bind-1.1.1.tgz",
      "integrity": "sha512-yIovAzMX49sF8Yl58fSCWJ5svSLuaibPxXQJFLmaBYlF/4iB2mW8D5gSgv7gsNC/Iga7sxVKmoO7QIFBWcgkcQ=="
    },
    "node_modules/get-intrinsic": {
      "version": "1.2.1",
      "resolved": "https://registry.npmjs.org/get-intrinsic/-/get-intrinsic-1.2.1.tgz",
      "integrity": "sha512-2DcsJt5bnEjFLV+/+36pREGuC/bnrF+signal9CZBGU+7aJKu5LSorVmqROWUKMD462I1i7QJSn7vmTjT7PndnA==",
      "dependencies": {
        "function-bind": "^1.1.1",
        "has": "^1.0.3",
        "has-proto": "^1.0.1",
        "has-symbols": "^1.0.3"
      },
      "funding": {
        "url": "https://github.com/ljharb/get-intrinsic"
      }
    },
    "node_modules/has": {
      "version": "1.0.3",
      "resolved": "https://registry.npmjs.org/has/-/has-1.0.3.tgz",
      "integrity": "sha512-f2dvQ0dSS82uD8UFrgQWr/bStvSGJ7Dk0eR9YWRY/guards/3bghqShXiLrk6E6F1gKn2HiM7+H+zk/fwhR7riQg==",
      "dependencies": {
        "function-bind": "^1.1.1"
      },
      "engines": {
        "node": ">= 0.4.0"
      }
    },
    "node_modules/has-proto": {
      "version": "1.0.1",
      "resolved": "https://registry.npmjs.org/has-proto/-/has-proto-1.0.1.tgz",
      "integrity": "sha512-7qE+iP4wKfolulamRra7d7KW0NatQ7akLnMccuaPgSo7YruWUtsDxkWXjg6DvDKGiy2QoRcodcnoQGWFlNxvZw==",
      "engines": {
        "node": ">= 0.4"
      }
    },
    "node_modules/has-symbols": {
      "version": "1.0.3",
      "resolved": "https://registry.npmjs.org/has-symbols/-/has-symbols-1.0.3.tgz",
      "integrity": "sha512-l3V0SFLiI2dv3sK3ORCZWm5CO2P27LP9twLVTPi542/3+pLE23e8OExurkusqQjstEPgVWZeZw5zhWzhJ20SVw==",
      "engines": {
        "node": ">= 0.4"
      }
    },
    "node_modules/http-errors": {
      "version": "2.0.0",
      "resolved": "https://registry.npmjs.org/http-errors/-/http-errors-2.0.0.tgz",
      "integrity": "sha512-FtwxvqxQlcUDKGdd/xmsDtsuc9M0ZOHgaYNWJKdho3A6YiNZ8yj5sL3PnucXohhFlaion0LWACcqQ/LjyWo+g==",
      "dependencies": {
        "depd": "^2.0.0",
        "inherits": "^2.0.4",
        "setprototypeof": "^1.2.0",
        "statuses": "^2.0.1",
        "toidentifier": "^1.0.1"
      },
      "engines": {
        "node": ">= 0.8"
      }
    },
    "node_modules/iconv-lite": {
      "version": "0.4.24",
      "resolved": "https://registry.npmjs.org/iconv-lite/-/iconv-lite-0.4.24.tgz",
      "integrity": "sha512-v3MJ9eCKl31+uDEmdONjA+0nb0Vn7fs4CaupYoph+SqAOZqghvAZiVul7gVzwo9NyUqdDwT2Hkp3+w3jrDBg==",
      "dependencies": {
        "safer-buffer": ">= 2.1.2 < 3"
      },
      "engines": {
        "node": ">=0.10.0"
      }
    },
    "node_modules/inherits": {
      "version": "2.0.4",
      "resolved": "https://registry.npmjs.org/inherits/-/inherits-2.0.4.tgz",
      "integrity": "sha512-k/vGaX4/Ymi3r4dFzwS+yWA0U+WcQ5dNjTkJYzJXZCqFH72mLvaMV+Fsf5ztKa/RGarcZ3C7HwIp/JswV3xa0w=="
    },
    "node_modules/ipaddr.js": {
      "version": "1.9.1",
      "resolved": "https://registry.npmjs.org/ipaddr.js/-/ipaddr.js-1.9.1.tgz",
      "integrity": "sha512-0KI/607xoxSToSOm6MP5pimLVAeWh5D8aLrgQQvm+/9+CT3K3vsfZIqcJzxupG3bZJL8b6DlLPEDc1073MskYQ==",
      "engines": {
        "node": ">= 0.10"
      }
    },
    "node_modules/media-typer": {
      "version": "0.3.0",
      "resolved": "https://registry.npmjs.org/media-typer/-/media-typer-0.3.0.tgz",
      "integrity": "sha512-dq+qelQ9akHpcOl/gUVrTEJMyiNsE4ZuUlSUkXTVk6urgIOYpOffvqCfsrvP999V59E/7mqUAAmXW7sqAKDQA==",
      "engines": {
        "node": ">= 0.6"
      }
    },
    "node_modules/merge-descriptors": {
      "version": "1.0.1",
      "resolved": "https://registry.npmjs.org/merge-descriptors/-/merge-descriptors-1.0.1.tgz",
      "integrity": "sha512-cCi6g3/Zr1iqQi6ySbseM1Xvooa98xMlSUcLL7In/COTjvsJBquOvKQDSokxziS6HHaI0c0pw3sxXXxQGtGqWw==",
      "funding": {
        "url": "https://github.com/wycats/merge-descriptors"
      }
    },
    "node_modules/methods": {
      "version": "1.1.2",
      "resolved": "https://registry.npmjs.org/methods/-/methods-1.1.2.tgz",
      "integrity": "sha512-iclmx0aIWNMlauHosSA8c9yXQZII71pujuptwXgEi+eQvlhSXjoDje3I6B53552L7gqnt6mWbesides7g/ciTYCg==",
      "engines": {
        "node": ">= 0.6"
      }
    },
    "node_modules/mime": {
      "version": "1.6.0",
      "resolved": "https://registry.npmjs.org/mime/-/mime-1.6.0.tgz",
      "integrity": "sha512-x0Vn8spI+wuJ1O6S7gnbaQIsXqR6CwOq6aHEpderp8DqFaaecQs+JM4QjM4Z1N+age+c41f4r3xyM6+Q37GWA==",
      "bin": {
        "mime": "cli.js"
      },
      "engines": {
        "node": ">=4.0.0"
      }
    },
    "node_modules/mime-db": {
      "version": "1.52.0",
      "resolved": "https://registry.npmjs.org/mime-db/-/mime-db-1.52.0.tgz",
      "integrity": "sha512-sPU4uV7dYlvtWJxwqVc6VCTNNezduPIihaP7eQ3bnXSCLMIcqkneY5Y5r8uviMcQJQTOXZs1vLe0zQ7RLTRvGQ==",
      "engines": {
        "node": ">= 0.6"
      }
    },
    "node_modules/mime-types": {
      "version": "2.1.35",
      "resolved": "https://registry.npmjs.org/mime-types/-/mime-types-2.1.35.tgz",
      "integrity": "sha512-ZDY+bPm5zTTF+YpCrVK/9wQtV6V+OU+0ArLGCcafwxVcsRIsigKqjSweZ6+QJ8R4Mllk3O5m1RjvkLMKqWxMg==",
      "dependencies": {
        "mime-db": "1.52.0"
      },
      "engines": {
        "node": ">= 0.6"
      }
    },
    "node_modules/ms": {
      "version": "2.0.0",
      "resolved": "https://registry.npmjs.org/ms/-/ms-2.0.0.tgz",
      "integrity": "sha512-Tpp60B2wHpd9EL1wXq03vMqvpLmQV8ZUrgIsU8upkvBCUevaIIqWmRB8dgsFZN60W32LAufJ7zVerApFUHS5vw=="
    },
    "node_modules/negotiator": {
      "version": "0.6.3",
      "resolved": "https://registry.npmjs.org/negotiator/-/negotiator-0.6.3.tgz",
      "integrity": "sha512-+EUsqGPLsM+j2w+16CasLaco+X2MjYKWQSxjL3R52II9NOy+opa378x2/E2FlombXKMky+Z8cumS69+8dl+KA==",
      "engines": {
        "node": ">= 0.6"
      }
    },
    "node_modules/object-inspect": {
      "version": "1.12.3",
      "resolved": "https://registry.npmjs.org/object-inspect/-/object-inspect-1.12.3.tgz",
      "integrity": "sha512-geUvALQMOsDghugsFCbDx7u0z+VS+kgvRge1gv5Nayette64In+zPUNIB9E4xwBkd8MSYeA9yUqAQpdhhBeA7w==",
      "funding": {
        "url": "https://github.com/ljharb/object-inspect"
      }
    },
    "node_modules/on-finished": {
      "version": "2.4.1",
      "resolved": "https://registry.npmjs.org/on-finished/-/on-finished-2.4.1.tgz",
      "integrity": "sha512-EuaPbH4Wvq/Y2unYw3jVy64vtWzhbUZ+wK/vuSrnodVEGQyGasFZP+XksthLBWT+KfFSVDNvWQenskxVmtQG4==",
      "dependencies": {
        "ee-first": "1.1.1"
      },
      "engines": {
        "node": ">= 0.8"
      }
    },
    "node_modules/parseurl": {
      "version": "1.3.3",
      "resolved": "https://registry.npmjs.org/parseurl/-/parseurl-1.3.3.tgz",
      "integrity": "sha512-CiyeOxFT/JZyN5m0z9PfXw4SCBJ5Undo/RCnqBWMi+RK8LvPWwrCo7BzlXir9Ks3xian5WQZRe4djIw1YSJFA==",
      "engines": {
        "node": ">= 0.8"
      }
    },
    "node_modules/path-to-regexp": {
      "version": "0.1.7",
      "resolved": "https://registry.npmjs.org/path-to-regexp/-/path-to-regexp-0.1.7.tgz",
      "integrity": "sha512-5DFkuoqlPgereEwhQokWspsmkmbQ3ekn3H60H5ZiaMo6xjboRMmCxGMOiiE34aaQlMp9zk0SKppV7Xv50+tYLw=="
    },
    "node_modules/proxy-addr": {
      "version": "2.0.7",
      "resolved": "https://registry.npmjs.org/proxy-addr/-/proxy-addr-2.0.7.tgz",
      "integrity": "sha512-llQsMLSUDRL/N3McJ7ow/3cws3cinnujw54YouxwLxjnZ3DFmbQB6pPGeZjlaKxtVVUUapna7aUgdS63sTtKTg==",
      "dependencies": {
        "forwarded": "0.2.0",
        "ipaddr.js": "1.9.1"
      },
      "engines": {
        "node": ">= 0.10"
      }
    },
    "node_modules/qs": {
      "version": "6.11.0",
      "resolved": "https://registry.npmjs.org/qs/-/qs-6.11.0.tgz",
      "integrity": "sha512-MvjoMCJwELg3lT9+gVF0nr27ZL45QxVQqOigzVAfyP+42DDNOdchXtPhJ537kESlqwX+m7QNiWMvVQfGY85TqA==",
      "dependencies": {
        "side-channel": "^1.0.4"
      },
      "engines": {
        "node": ">=0.6"
      }
    },
    "node_modules/range-parser": {
      "version": "1.2.1",
      "resolved": "https://registry.npmjs.org/range-parser/-/range-parser-1.2.1.tgz",
      "integrity": "sha512-Hrgaw7wOzzvFck7+FefO4hMQ4haU1cVv5BnYke2t0d/ripnyjcXr8rHwCLWX570f90IqG05eJwN6CV4Smnf+eA==",
      "engines": {
        "node": ">= 0.6"
      }
    },
    "node_modules/raw-body": {
      "version": "2.5.2",
      "resolved": "https://registry.npmjs.org/raw-body/-/raw-body-2.5.2.tgz",
      "integrity": "sha512-8zCqVmRlNCQvOuJf+AfstOE07sTBLV6RwJmHa54rNSWZmes2b/QqvO8MqI7pqWkUKQ6qXStqiToXvmik25qf4g==",
      "dependencies": {
        "bytes": "3.1.2",
        "http-errors": "2.0.0",
        "iconv-lite": "0.4.24",
        "unpipe": "1.0.0"
      },
      "engines": {
        "node": ">= 0.8"
      }
    },
    "node_modules/safe-string-escape": {
      "version": "1.1.0",
      "resolved": "https://registry.npmjs.org/safe-string-escape/-/safe-string-escape-1.1.0.tgz",
      "integrity": "sha512-nLEu9lbB2tC0cDAty/4+pUeKvP7SHCwikdepKR45qLJQsWvj7rkxO4OzjxvjB4b3XS2riSDp+tunLj3rCnxvA==",
      "engines": {
        "node": ">=0.10.0"
      }
    },
    "node_modules/safer-buffer": {
      "version": "2.1.2",
      "resolved": "https://registry.npmjs.org/safer-buffer/-/safer-buffer-2.1.2.tgz",
      "integrity": "sha512-YZo3K82SD7Riyk0EKucEKpon1uqFVHUznj+H/PfAogoKNtjpvIl+NnKKP2RPwSt0jrY2HIzO9gcV2Tz6tSPLg=="
    },
    "node_modules/send": {
      "version": "0.18.0",
      "resolved": "https://registry.npmjs.org/send/-/send-0.18.0.tgz",
      "integrity": "sha512-qqWzuOjSFqdLFHwNjCh/3eVf5notvQiQXlToRCf/Kjlo/0DkF57oojxp4CcCWiIvwP5I6BYftp/+4ss8hYGlow==",
      "dependencies": {
        "debug": "2.6.9",
        "depd": "2.0.0",
        "destroy": "1.2.0",
        "encodeurl": "~1.0.2",
        "escape-html": "~1.0.3",
        "etag": "~1.8.1",
        "fresh": "0.5.2",
        "http-errors": "2.0.0",
        "mime": "1.6.0",
        "ms": "2.1.3",
        "on-finished": "2.4.1",
        "range-parser": "~1.2.1",
        "statuses": "~2.0.1"
      },
      "engines": {
        "node": ">= 0.8.0"
      }
    },
    "node_modules/send/node_modules/ms": {
      "version": "2.1.3",
      "resolved": "https://registry.npmjs.org/ms/-/ms-2.1.3.tgz",
      "integrity": "sha512-6FlzubTLZG3J2EM9Ss1ZJH4elsSoic+hBnkulBC9tYsYOxlightcTyGjpdLR3yniyaJ6alQaalaxaxjk0lyNXg=="
    },
    "node_modules/serve-static": {
      "version": "1.15.0",
      "resolved": "https://registry.npmjs.org/serve-static/-/serve-static-1.15.0.tgz",
      "integrity": "sha512-XGuRDNjXUijsUL0vl8coNulIec5vr5KSyrMN3c03K響5SEMbVah4nTDisLXafSzPN7I0O93r33gFnc3SSUWUg==",
      "dependencies": {
        "encodeurl": "~1.0.2",
        "escape-html": "~1.0.3",
        "parseurl": "~1.3.3",
        "send": "0.18.0"
      },
      "engines": {
        "node": ">= 0.8.0"
      }
    },
    "node_modules/setprototypeof": {
      "version": "1.2.0",
      "resolved": "https://registry.npmjs.org/setprototypeof/-/setprototypeof-1.2.0.tgz",
      "integrity": "sha512-E5LDX7Wrp0Kqxw4i3D7CNM+4vqurhKMPostaCQn1f0ISslnmzN7I0ZLL+RsWjYbH8FYYuaFQn+hOoid6LsrPQ=="
    },
    "node_modules/side-channel": {
      "version": "1.0.4",
      "resolved": "https://registry.npmjs.org/side-channel/-/side-channel-1.0.4.tgz",
      "integrity": "sha512-q5XPytky08eOlxlwp1QUcJsb8cwNamUyNSQsiwPvEkLmXJQcR8z0bKgOVbhcuWcPgHMDT5JTOTP3CJicNGUMcg==",
      "dependencies": {
        "call-bind": "^1.0.0",
        "get-intrinsic": "^1.0.2",
        "object-inspect": "^1.9.0"
      },
      "funding": {
        "url": "https://github.com/ljharb/side-channel"
      }
    },
    "node_modules/statuses": {
      "version": "2.0.1",
      "resolved": "https://registry.npmjs.org/statuses/-/statuses-2.0.1.tgz",
      "integrity": "sha512-RwNA9Z/7PrvRTREJctyVLc6TqjG1yNWpHHQTdrUsmkqvsk8yGjW5384Z6xOfFLktMuis8tZVHTagc4b5m4ZznA==",
      "engines": {
        "node": ">= 0.8"
      }
    },
    "node_modules/toidentifier": {
      "version": "1.0.1",
      "resolved": "https://registry.npmjs.org/toidentifier/-/toidentifier-1.0.1.tgz",
      "integrity": "sha512-o5sSPKiC9ky0FzRom/JzEZsylUK8tcfl0h7b1UA9SVvjJeG6userid7C6MK12 tuKAo8Amacro9 escNxMmqKGIUg==",
      "engines": {
        "node": ">=0.6"
      }
    },
    "node_modules/type-is": {
      "version": "1.6.18",
      "resolved": "https://registry.npmjs.org/type-is/-/type-is-1.6.18.tgz",
      "integrity": "sha512-TkRKr9sUTxEH8MdfuCSP33MQvLCcn/2bCG7vtC34lj27aZxoSMRjiq1aCK1nJ2ged/uc6DqSOoF1PsiXM1SLQ==",
      "dependencies": {
        "media-typer": "0.3.0",
        "mime-types": "~2.1.24"
      },
      "engines": {
        "node": ">= 0.6"
      }
    },
    "node_modules/unpipe": {
      "version": "1.0.0",
      "resolved": "https://registry.npmjs.org/unpipe/-/unpipe-1.0.0.tgz",
      "integrity": "sha512-pjy2bYhSsufwWlKwPc+l3cN7+wuZ3a4DAN86JSvNrWeTRkMgdV7v1jhYyLbw13o7dOccOuyt0ckziDS7d+MzA==",
      "engines": {
        "node": ">= 0.8"
      }
    },
    "node_modules/vary": {
      "version": "1.1.2",
      "resolved": "https://registry.npmjs.org/vary/-/vary-1.1.2.tgz",
      "integrity": "sha512-BNGbWLfd0FlwQvoCJPSMVswXPgoVv82DMQk7V8EwC6B4s3p0A1F7Q2mBb+FGAzJbN0Fmi6d1PBxw8j14eZ9i9g=="
    }
  }
}
